
Microsoft Visual Studio Solution File, Format Version 12.00
# Visual Studio Version 17
VisualStudioVersion = 17.8.34309.116
MinimumVisualStudioVersion = 10.0.40219.1
Project("{9A19103F-16F7-4668-BE54-9A1E7A4F7556}") = "TestDoc.Blazor.Server", "TestDoc\TestDoc.Blazor.Server\TestDoc.Blazor.Server.csproj", "{DDB80DDD-AB22-46DE-9784-A9AD5C9781EC}"
EndProject
Project("{9A19103F-16F7-4668-BE54-9A1E7A4F7556}") = "TestDoc.Module", "TestDoc\TestDoc.Module\TestDoc.Module.csproj", "{7A7C93AF-C62F-4509-886B-3D9EC1B20CBA}"
EndProject
Project("{2150E333-8FDC-42A3-9474-1A3956D46DE8}") = "Solution Items", "Solution Items", "{8EC462FD-D22E-90A8-E5CE-7E832BA40C5D}"
	ProjectSection(SolutionItems) = preProject
		Dockerfile = Dockerfile
		nuget.config = nuget.config
	EndProjectSection
EndProject
Project("{2150E333-8FDC-42A3-9474-1A3956D46DE8}") = "nuget-packages", "nuget-packages", "{02EA681E-C7D8-13C7-8484-4AC65E1B71E8}"
	ProjectSection(SolutionItems) = preProject
		..\..\..\Program Files\DevExpress 24.2\Components\System\Components\Packages\DevExpress.Drawing.Skia.ja.24.2.7.nupkg = ..\..\..\Program Files\DevExpress 24.2\Components\System\Components\Packages\DevExpress.Drawing.Skia.ja.24.2.7.nupkg
		..\..\..\Program Files\DevExpress 24.2\Components\System\Components\Packages\DevExpress.ExpressApp.Blazor.24.2.7.nupkg = ..\..\..\Program Files\DevExpress 24.2\Components\System\Components\Packages\DevExpress.ExpressApp.Blazor.24.2.7.nupkg
		..\..\..\Program Files\DevExpress 24.2\Components\System\Components\Packages\DevExpress.ExpressApp.CodeAnalysis.24.2.7.nupkg = ..\..\..\Program Files\DevExpress 24.2\Components\System\Components\Packages\DevExpress.ExpressApp.CodeAnalysis.24.2.7.nupkg
		..\..\..\Program Files\DevExpress 24.2\Components\System\Components\Packages\DevExpress.ExpressApp.ConditionalAppearance.24.2.7.nupkg = ..\..\..\Program Files\DevExpress 24.2\Components\System\Components\Packages\DevExpress.ExpressApp.ConditionalAppearance.24.2.7.nupkg
		..\..\..\Program Files\DevExpress 24.2\Components\System\Components\Packages\DevExpress.ExpressApp.Objects.ja.24.2.7.nupkg = ..\..\..\Program Files\DevExpress 24.2\Components\System\Components\Packages\DevExpress.ExpressApp.Objects.ja.24.2.7.nupkg
		..\..\..\Program Files\DevExpress 24.2\Components\System\Components\Packages\DevExpress.ExpressApp.Security.Xpo.24.2.7.nupkg = ..\..\..\Program Files\DevExpress 24.2\Components\System\Components\Packages\DevExpress.ExpressApp.Security.Xpo.24.2.7.nupkg
		..\..\..\Program Files\DevExpress 24.2\Components\System\Components\Packages\DevExpress.ExpressApp.Validation.24.2.7.nupkg = ..\..\..\Program Files\DevExpress 24.2\Components\System\Components\Packages\DevExpress.ExpressApp.Validation.24.2.7.nupkg
		..\..\..\Program Files\DevExpress 24.2\Components\System\Components\Packages\DevExpress.ExpressApp.Win.Design.24.2.7.nupkg = ..\..\..\Program Files\DevExpress 24.2\Components\System\Components\Packages\DevExpress.ExpressApp.Win.Design.24.2.7.nupkg
		..\..\..\Program Files\DevExpress 24.2\Components\System\Components\Packages\DevExpress.ExpressApp.Xpo.24.2.7.nupkg = ..\..\..\Program Files\DevExpress 24.2\Components\System\Components\Packages\DevExpress.ExpressApp.Xpo.24.2.7.nupkg
		..\..\..\Program Files\DevExpress 24.2\Components\System\Components\Packages\DevExpress.Persistent.Base.24.2.7.nupkg = ..\..\..\Program Files\DevExpress 24.2\Components\System\Components\Packages\DevExpress.Persistent.Base.24.2.7.nupkg
		..\..\..\Program Files\DevExpress 24.2\Components\System\Components\Packages\DevExpress.Persistent.BaseImpl.Xpo.24.2.7.nupkg = ..\..\..\Program Files\DevExpress 24.2\Components\System\Components\Packages\DevExpress.Persistent.BaseImpl.Xpo.24.2.7.nupkg
	EndProjectSection
EndProject
Project("{2150E333-8FDC-42A3-9474-1A3956D46DE8}") = "NewFolder1", "NewFolder1", "{45E3332C-1E7C-4879-854E-EEBF1AD153DE}"
EndProject
Project("{2150E333-8FDC-42A3-9474-1A3956D46DE8}") = "NewFolder1", "NewFolder1", "{E6C77A9D-89B8-4F62-9F7C-9C71EFC7D1C0}"
EndProject
Global
	GlobalSection(SolutionConfigurationPlatforms) = preSolution
		Debug|Any CPU = Debug|Any CPU
		EasyTest|Any CPU = EasyTest|Any CPU
		Release|Any CPU = Release|Any CPU
	EndGlobalSection
	GlobalSection(ProjectConfigurationPlatforms) = postSolution
		{DDB80DDD-AB22-46DE-9784-A9AD5C9781EC}.Debug|Any CPU.ActiveCfg = Debug|Any CPU
		{DDB80DDD-AB22-46DE-9784-A9AD5C9781EC}.Debug|Any CPU.Build.0 = Debug|Any CPU
		{DDB80DDD-AB22-46DE-9784-A9AD5C9781EC}.EasyTest|Any CPU.ActiveCfg = EasyTest|Any CPU
		{DDB80DDD-AB22-46DE-9784-A9AD5C9781EC}.EasyTest|Any CPU.Build.0 = EasyTest|Any CPU
		{DDB80DDD-AB22-46DE-9784-A9AD5C9781EC}.Release|Any CPU.ActiveCfg = Release|Any CPU
		{DDB80DDD-AB22-46DE-9784-A9AD5C9781EC}.Release|Any CPU.Build.0 = Release|Any CPU
		{7A7C93AF-C62F-4509-886B-3D9EC1B20CBA}.Debug|Any CPU.ActiveCfg = Debug|Any CPU
		{7A7C93AF-C62F-4509-886B-3D9EC1B20CBA}.Debug|Any CPU.Build.0 = Debug|Any CPU
		{7A7C93AF-C62F-4509-886B-3D9EC1B20CBA}.EasyTest|Any CPU.ActiveCfg = EasyTest|Any CPU
		{7A7C93AF-C62F-4509-886B-3D9EC1B20CBA}.EasyTest|Any CPU.Build.0 = EasyTest|Any CPU
		{7A7C93AF-C62F-4509-886B-3D9EC1B20CBA}.Release|Any CPU.ActiveCfg = Release|Any CPU
		{7A7C93AF-C62F-4509-886B-3D9EC1B20CBA}.Release|Any CPU.Build.0 = Release|Any CPU
	EndGlobalSection
	GlobalSection(SolutionProperties) = preSolution
		HideSolutionNode = FALSE
	EndGlobalSection
	GlobalSection(NestedProjects) = preSolution
		{02EA681E-C7D8-13C7-8484-4AC65E1B71E8} = {8EC462FD-D22E-90A8-E5CE-7E832BA40C5D}
		{45E3332C-1E7C-4879-854E-EEBF1AD153DE} = {8EC462FD-D22E-90A8-E5CE-7E832BA40C5D}
	EndGlobalSection
	GlobalSection(ExtensibilityGlobals) = postSolution
		SolutionGuid = {71B689A1-6A38-4900-AC01-3C405A3F7035}
	EndGlobalSection
EndGlobal
